// !$*UTF8*$!
{
        archiveVersion = 1;
        classes = {
        };
        objectVersion = 70;
        objects = {

/* Begin PBXBuildFile section */
                2FAD9763203C412B000D30F8 /* config.xml in Resources */ = {isa = PBXBuildFile; fileRef = 2FAD9762203C412B000D30F8 /* config.xml */; };
                50379B232058CBB4000EE86E /* capacitor.config.json in Resources */ = {isa = PBXBuildFile; fileRef = 50379B222058CBB4000EE86E /* capacitor.config.json */; };
                504EC3081FED79650016851F /* AppDelegate.swift in Sources */ = {isa = PBXBuildFile; fileRef = 504EC3071FED79650016851F /* AppDelegate.swift */; };
                504EC30D1FED79650016851F /* Main.storyboard in Resources */ = {isa = PBXBuildFile; fileRef = 504EC30B1FED79650016851F /* Main.storyboard */; };
                504EC30F1FED79650016851F /* Assets.xcassets in Resources */ = {isa = PBXBuildFile; fileRef = 504EC30E1FED79650016851F /* Assets.xcassets */; };
                504EC3121FED79650016851F /* LaunchScreen.storyboard in Resources */ = {isa = PBXBuildFile; fileRef = 504EC3101FED79650016851F /* LaunchScreen.storyboard */; };
                50B271D11FEDC1A000F3C39B /* public in Resources */ = {isa = PBXBuildFile; fileRef = 50B271D01FEDC1A000F3C39B /* public */; };
                A084ECDBA7D38E1E42DFC39D /* Pods_App.framework in Frameworks */ = {isa = PBXBuildFile; fileRef = AF277DCFFFF123FFC6DF26C7 /* Pods_App.framework */; };
                CUSTOMBR001ABCDEF0123456 /* CustomBridgeViewController.swift in Sources */ = {isa = PBXBuildFile; fileRef = CUSTOMBR002ABCDEF0123456 /* CustomBridgeViewController.swift */; };
                F84CE7232EE24BEA00A41804 /* watchkitapp Watch App.app in Embed Watch Content */ = {isa = PBXBuildFile; fileRef = F84CE7192EE24BE900A41804 /* watchkitapp Watch App.app */; settings = {ATTRIBUTES = (RemoveHeadersOnCopy, ); }; };
                F8DA16282EE06AB5009EBE0B /* OndaWatchPlugin.swift in Sources */ = {isa = PBXBuildFile; fileRef = F8DA16272EE06AB5009EBE0B /* OndaWatchPlugin.swift */; };
                F8DA16292EE06AB5009EBE0B /* OndaWatchPlugin.m in Sources */ = {isa = PBXBuildFile; fileRef = F8DA16262EE06AB5009EBE0B /* OndaWatchPlugin.m */; };
                ONDATENJN001ABCDEF012345 /* OndaTenjinPlugin.swift in Sources */ = {isa = PBXBuildFile; fileRef = ONDATENJN003ABCDEF012345 /* OndaTenjinPlugin.swift */; };
                ONDATENJN002ABCDEF012345 /* OndaTenjinPlugin.m in Sources */ = {isa = PBXBuildFile; fileRef = ONDATENJN004ABCDEF012345 /* OndaTenjinPlugin.m */; };
                F8DA162C2EE06C0A009EBE0B /* WatchConnectivity.framework in Frameworks */ = {isa = PBXBuildFile; fileRef = F8DA162B2EE06C0A009EBE0B /* WatchConnectivity.framework */; };
                HEALTHKIT001ABCDEF0123456 /* HealthKitHeartRatePlugin.swift in Sources */ = {isa = PBXBuildFile; fileRef = HEALTHKIT002ABCDEF0123456 /* HealthKitHeartRatePlugin.swift */; };
                GOOGLESERVICE002ABC123456 /* GoogleService-Info.plist in Resources */ = {isa = PBXBuildFile; fileRef = GOOGLESERVICE001ABC123456 /* GoogleService-Info.plist */; };
/* End PBXBuildFile section */

/* Begin PBXContainerItemProxy section */
                F84CE7212EE24BEA00A41804 /* PBXContainerItemProxy */ = {
                        isa = PBXContainerItemProxy;
                        containerPortal = 504EC2FC1FED79650016851F /* Project object */;
                        proxyType = 1;
                        remoteGlobalIDString = F84CE7182EE24BE900A41804;
                        remoteInfo = "watchkitapp Watch App";
                };
/* End PBXContainerItemProxy section */

/* Begin PBXCopyFilesBuildPhase section */
                F8BF7E042EE0476C001B0BD1 /* Embed Watch Content */ = {
                        isa = PBXCopyFilesBuildPhase;
                        buildActionMask = 2147483647;
                        dstPath = "$(CONTENTS_FOLDER_PATH)/Watch";
                        dstSubfolderSpec = 16;
                        files = (
                                F84CE7232EE24BEA00A41804 /* watchkitapp Watch App.app in Embed Watch Content */,
                        );
                        name = "Embed Watch Content";
                        runOnlyForDeploymentPostprocessing = 0;
                };
/* End PBXCopyFilesBuildPhase section */

/* Begin PBXFileReference section */
                2FAD9762203C412B000D30F8 /* config.xml */ = {isa = PBXFileReference; lastKnownFileType = text.xml; path = config.xml; sourceTree = "<group>"; };
                50379B222058CBB4000EE86E /* capacitor.config.json */ = {isa = PBXFileReference; fileEncoding = 4; lastKnownFileType = text.json; path = capacitor.config.json; sourceTree = "<group>"; };
                504EC3041FED79650016851F /* App.app */ = {isa = PBXFileReference; explicitFileType = wrapper.application; includeInIndex = 0; path = App.app; sourceTree = BUILT_PRODUCTS_DIR; };
                504EC3071FED79650016851F /* AppDelegate.swift */ = {isa = PBXFileReference; lastKnownFileType = sourcecode.swift; path = AppDelegate.swift; sourceTree = "<group>"; };
                504EC30C1FED79650016851F /* Base */ = {isa = PBXFileReference; lastKnownFileType = file.storyboard; name = Base; path = Base.lproj/Main.storyboard; sourceTree = "<group>"; };
                504EC30E1FED79650016851F /* Assets.xcassets */ = {isa = PBXFileReference; lastKnownFileType = folder.assetcatalog; path = Assets.xcassets; sourceTree = "<group>"; };
                504EC3111FED79650016851F /* Base */ = {isa = PBXFileReference; lastKnownFileType = file.storyboard; name = Base; path = Base.lproj/LaunchScreen.storyboard; sourceTree = "<group>"; };
                504EC3131FED79650016851F /* Info.plist */ = {isa = PBXFileReference; lastKnownFileType = text.plist.xml; path = Info.plist; sourceTree = "<group>"; };
                504EC3191FED79650016851F /* App.entitlements */ = {isa = PBXFileReference; lastKnownFileType = text.plist.entitlements; path = App.entitlements; sourceTree = "<group>"; };
                50B271D01FEDC1A000F3C39B /* public */ = {isa = PBXFileReference; lastKnownFileType = folder; path = public; sourceTree = "<group>"; };
                AF277DCFFFF123FFC6DF26C7 /* Pods_App.framework */ = {isa = PBXFileReference; explicitFileType = wrapper.framework; includeInIndex = 0; path = Pods_App.framework; sourceTree = BUILT_PRODUCTS_DIR; };
                AF51FD2D460BCFE21FA515B2 /* Pods-App.release.xcconfig */ = {isa = PBXFileReference; includeInIndex = 1; lastKnownFileType = text.xcconfig; name = "Pods-App.release.xcconfig"; path = "Pods/Target Support Files/Pods-App/Pods-App.release.xcconfig"; sourceTree = "<group>"; };
                CUSTOMBR002ABCDEF0123456 /* CustomBridgeViewController.swift */ = {isa = PBXFileReference; lastKnownFileType = sourcecode.swift; path = CustomBridgeViewController.swift; sourceTree = "<group>"; };
                F84CE7192EE24BE900A41804 /* watchkitapp Watch App.app */ = {isa = PBXFileReference; explicitFileType = wrapper.application; includeInIndex = 0; path = "watchkitapp Watch App.app"; sourceTree = BUILT_PRODUCTS_DIR; };
                F8DA16262EE06AB5009EBE0B /* OndaWatchPlugin.m */ = {isa = PBXFileReference; lastKnownFileType = sourcecode.c.objc; path = OndaWatchPlugin.m; sourceTree = "<group>"; };
                F8DA16272EE06AB5009EBE0B /* OndaWatchPlugin.swift */ = {isa = PBXFileReference; lastKnownFileType = sourcecode.swift; path = OndaWatchPlugin.swift; sourceTree = "<group>"; };
                ONDATENJN003ABCDEF012345 /* OndaTenjinPlugin.swift */ = {isa = PBXFileReference; lastKnownFileType = sourcecode.swift; path = OndaTenjinPlugin.swift; sourceTree = "<group>"; };
                ONDATENJN004ABCDEF012345 /* OndaTenjinPlugin.m */ = {isa = PBXFileReference; lastKnownFileType = sourcecode.c.objc; path = OndaTenjinPlugin.m; sourceTree = "<group>"; };
                F8DA162A2EE06AFD009EBE0B /* App-Bridging-Header.h */ = {isa = PBXFileReference; lastKnownFileType = sourcecode.c.h; path = "App-Bridging-Header.h"; sourceTree = "<group>"; };
                F8DA162B2EE06C0A009EBE0B /* WatchConnectivity.framework */ = {isa = PBXFileReference; lastKnownFileType = wrapper.framework; name = WatchConnectivity.framework; path = System/Library/Frameworks/WatchConnectivity.framework; sourceTree = SDKROOT; };
                FC68EB0AF532CFC21C3344DD /* Pods-App.debug.xcconfig */ = {isa = PBXFileReference; includeInIndex = 1; lastKnownFileType = text.xcconfig; name = "Pods-App.debug.xcconfig"; path = "Pods/Target Support Files/Pods-App/Pods-App.debug.xcconfig"; sourceTree = "<group>"; };
                HEALTHKIT002ABCDEF0123456 /* HealthKitHeartRatePlugin.swift */ = {isa = PBXFileReference; lastKnownFileType = sourcecode.swift; path = HealthKitHeartRatePlugin.swift; sourceTree = "<group>"; };
                GOOGLESERVICE001ABC123456 /* GoogleService-Info.plist */ = {isa = PBXFileReference; lastKnownFileType = text.plist.xml; path = "GoogleService-Info.plist"; sourceTree = "<group>"; };
/* End PBXFileReference section */

/* Begin PBXFileSystemSynchronizedBuildFileExceptionSet section */
                F84CE7302EE2522E00A41804 /* PBXFileSystemSynchronizedBuildFileExceptionSet */ = {
                        isa = PBXFileSystemSynchronizedBuildFileExceptionSet;
                        membershipExceptions = (
                                Info.plist,
                        );
                        target = F84CE7182EE24BE900A41804 /* watchkitapp Watch App */;
                };
/* End PBXFileSystemSynchronizedBuildFileExceptionSet section */

/* Begin PBXFileSystemSynchronizedRootGroup section */
                F84CE71A2EE24BE900A41804 /* watchkitapp Watch App */ = {isa = PBXFileSystemSynchronizedRootGroup; exceptions = (F84CE7302EE2522E00A41804 /* PBXFileSystemSynchronizedBuildFileExceptionSet */, ); explicitFileTypes = {}; explicitFolders = (); path = "watchkitapp Watch App"; sourceTree = "<group>"; };
                F87077542EE0CD2C00511923 /* OndaWatch Watch App */ = {isa = PBXFileSystemSynchronizedRootGroup; explicitFileTypes = {}; explicitFolders = (); path = "OndaWatch Watch App"; sourceTree = "<group>"; };
                F87077692EE0D60B00511923 /* OndaWatch Watch App */ = {isa = PBXFileSystemSynchronizedRootGroup; explicitFileTypes = {}; explicitFolders = (); path = "OndaWatch Watch App"; sourceTree = "<group>"; };
                F87077922EE0DAC300511923 /* watchkitapp Watch App */ = {isa = PBXFileSystemSynchronizedRootGroup; explicitFileTypes = {}; explicitFolders = (); path = "watchkitapp Watch App"; sourceTree = "<group>"; };
                F8BF7DFA2EE0476B001B0BD1 /* OndaWatch Watch App */ = {isa = PBXFileSystemSynchronizedRootGroup; explicitFileTypes = {}; explicitFolders = (); path = "OndaWatch Watch App"; sourceTree = "<group>"; };
/* End PBXFileSystemSynchronizedRootGroup section */

/* Begin PBXFrameworksBuildPhase section */
                504EC3011FED79650016851F /* Frameworks */ = {
                        isa = PBXFrameworksBuildPhase;
                        buildActionMask = 2147483647;
                        files = (
                                A084ECDBA7D38E1E42DFC39D /* Pods_App.framework in Frameworks */,
                                F8DA162C2EE06C0A009EBE0B /* WatchConnectivity.framework in Frameworks */,
                        );
                        runOnlyForDeploymentPostprocessing = 0;
                };
                F84CE7162EE24BE900A41804 /* Frameworks */ = {
                        isa = PBXFrameworksBuildPhase;
                        buildActionMask = 2147483647;
                        files = (
                        );
                        runOnlyForDeploymentPostprocessing = 0;
                };
/* End PBXFrameworksBuildPhase section */

/* Begin PBXGroup section */
                27E2DDA53C4D2A4D1A88CE4A /* Frameworks */ = {
                        isa = PBXGroup;
                        children = (
                                F8DA162B2EE06C0A009EBE0B /* WatchConnectivity.framework */,
                                AF277DCFFFF123FFC6DF26C7 /* Pods_App.framework */,
                        );
                        name = Frameworks;
                        sourceTree = "<group>";
                };
                504EC2FB1FED79650016851F = {
                        isa = PBXGroup;
                        children = (
                                504EC3061FED79650016851F /* App */,
                                F8BF7DFA2EE0476B001B0BD1 /* OndaWatch Watch App */,
                                F87077542EE0CD2C00511923 /* OndaWatch Watch App */,
                                F87077692EE0D60B00511923 /* OndaWatch Watch App */,
                                F87077922EE0DAC300511923 /* watchkitapp Watch App */,
                                F84CE71A2EE24BE900A41804 /* watchkitapp Watch App */,
                                504EC3051FED79650016851F /* Products */,
                                7F8756D8B27F46E3366F6CEA /* Pods */,
                                27E2DDA53C4D2A4D1A88CE4A /* Frameworks */,
                        );
                        sourceTree = "<group>";
                };
                504EC3051FED79650016851F /* Products */ = {
                        isa = PBXGroup;
                        children = (
                                504EC3041FED79650016851F /* App.app */,
                                F84CE7192EE24BE900A41804 /* watchkitapp Watch App.app */,
                        );
                        name = Products;
                        sourceTree = "<group>";
                };
                504EC3061FED79650016851F /* App */ = {
                        isa = PBXGroup;
                        children = (
                                F8DA16262EE06AB5009EBE0B /* OndaWatchPlugin.m */,
                                F8DA16272EE06AB5009EBE0B /* OndaWatchPlugin.swift */,
                                ONDATENJN003ABCDEF012345 /* OndaTenjinPlugin.swift */,
                                ONDATENJN004ABCDEF012345 /* OndaTenjinPlugin.m */,
                                50379B222058CBB4000EE86E /* capacitor.config.json */,
                                504EC3071FED79650016851F /* AppDelegate.swift */,
                                HEALTHKIT002ABCDEF0123456 /* HealthKitHeartRatePlugin.swift */,
                                CUSTOMBR002ABCDEF0123456 /* CustomBridgeViewController.swift */,
                                504EC30B1FED79650016851F /* Main.storyboard */,
                                504EC30E1FED79650016851F /* Assets.xcassets */,
                                504EC3101FED79650016851F /* LaunchScreen.storyboard */,
                                504EC3131FED79650016851F /* Info.plist */,
                                504EC3191FED79650016851F /* App.entitlements */,
                                2FAD9762203C412B000D30F8 /* config.xml */,
                                50B271D01FEDC1A000F3C39B /* public */,
                                F8DA162A2EE06AFD009EBE0B /* App-Bridging-Header.h */,
                                GOOGLESERVICE001ABC123456 /* GoogleService-Info.plist */,
                        );
                        path = App;
                        sourceTree = "<group>";
                };
                7F8756D8B27F46E3366F6CEA /* Pods */ = {
                        isa = PBXGroup;
                        children = (
                                FC68EB0AF532CFC21C3344DD /* Pods-App.debug.xcconfig */,
                                AF51FD2D460BCFE21FA515B2 /* Pods-App.release.xcconfig */,
                        );
                        name = Pods;
                        sourceTree = "<group>";
                };
/* End PBXGroup section */

/* Begin PBXNativeTarget section */
                504EC3031FED79650016851F /* App */ = {
                        isa = PBXNativeTarget;
                        buildConfigurationList = 504EC3161FED79650016851F /* Build configuration list for PBXNativeTarget "App" */;
                        buildPhases = (
                                6634F4EFEBD30273BCE97C65 /* [CP] Check Pods Manifest.lock */,
                                504EC3001FED79650016851F /* Sources */,
                                504EC3011FED79650016851F /* Frameworks */,
                                504EC3021FED79650016851F /* Resources */,
                                9592DBEFFC6D2A0C8D5DEB22 /* [CP] Embed Pods Frameworks */,
                                F8BF7E042EE0476C001B0BD1 /* Embed Watch Content */,
                        );
                        buildRules = (
                        );
                        dependencies = (
                                F84CE7222EE24BEA00A41804 /* PBXTargetDependency */,
                        );
                        name = App;
                        productName = App;
                        productReference = 504EC3041FED79650016851F /* App.app */;
                        productType = "com.apple.product-type.application";
                };
                F84CE7182EE24BE900A41804 /* watchkitapp Watch App */ = {
                        isa = PBXNativeTarget;
                        buildConfigurationList = F84CE7242EE24BEA00A41804 /* Build configuration list for PBXNativeTarget "watchkitapp Watch App" */;
                        buildPhases = (
                                F84CE7152EE24BE900A41804 /* Sources */,
                                F84CE7162EE24BE900A41804 /* Frameworks */,
                                F84CE7172EE24BE900A41804 /* Resources */,
                        );
                        buildRules = (
                        );
                        dependencies = (
                        );
                        fileSystemSynchronizedGroups = (
                                F84CE71A2EE24BE900A41804 /* watchkitapp Watch App */,
                        );
                        name = "watchkitapp Watch App";
                        packageProductDependencies = (
                        );
                        productName = "watchkitapp Watch App";
                        productReference = F84CE7192EE24BE900A41804 /* watchkitapp Watch App.app */;
                        productType = "com.apple.product-type.application";
                };
/* End PBXNativeTarget section */

/* Begin PBXProject section */
                504EC2FC1FED79650016851F /* Project object */ = {
                        isa = PBXProject;
                        attributes = {
                                LastSwiftUpdateCheck = 2610;
                                LastUpgradeCheck = 0920;
                                TargetAttributes = {
                                        504EC3031FED79650016851F = {
                                                CreatedOnToolsVersion = 9.2;
                                                LastSwiftMigration = 2610;
                                                ProvisioningStyle = Automatic;
                                        };
                                        F84CE7182EE24BE900A41804 = {
                                                CreatedOnToolsVersion = 26.1.1;
                                        };
                                };
                        };
                        buildConfigurationList = 504EC2FF1FED79650016851F /* Build configuration list for PBXProject "App" */;
                        compatibilityVersion = "Xcode 8.0";
                        developmentRegion = en;
                        hasScannedForEncodings = 0;
                        knownRegions = (
                                en,
                                Base,
                        );
                        mainGroup = 504EC2FB1FED79650016851F;
                        packageReferences = (
                        );
                        productRefGroup = 504EC3051FED79650016851F /* Products */;
                        projectDirPath = "";
                        projectRoot = "";
                        targets = (
                                504EC3031FED79650016851F /* App */,
                                F84CE7182EE24BE900A41804 /* watchkitapp Watch App */,
                        );
                };
/* End PBXProject section */

/* Begin PBXResourcesBuildPhase section */
                504EC3021FED79650016851F /* Resources */ = {
                        isa = PBXResourcesBuildPhase;
                        buildActionMask = 2147483647;
                        files = (
                                504EC3121FED79650016851F /* LaunchScreen.storyboard in Resources */,
                                50B271D11FEDC1A000F3C39B /* public in Resources */,
                                504EC30F1FED79650016851F /* Assets.xcassets in Resources */,
                                50379B232058CBB4000EE86E /* capacitor.config.json in Resources */,
                                504EC30D1FED79650016851F /* Main.storyboard in Resources */,
                                2FAD9763203C412B000D30F8 /* config.xml in Resources */,
                                GOOGLESERVICE002ABC123456 /* GoogleService-Info.plist in Resources */,
                        );
                        runOnlyForDeploymentPostprocessing = 0;
                };
                F84CE7172EE24BE900A41804 /* Resources */ = {
                        isa = PBXResourcesBuildPhase;
                        buildActionMask = 2147483647;
                        files = (
                        );
                        runOnlyForDeploymentPostprocessing = 0;
                };
/* End PBXResourcesBuildPhase section */

/* Begin PBXShellScriptBuildPhase section */
                6634F4EFEBD30273BCE97C65 /* [CP] Check Pods Manifest.lock */ = {
                        isa = PBXShellScriptBuildPhase;
                        buildActionMask = 2147483647;
                        files = (
                        );
                        inputPaths = (
                                "${PODS_PODFILE_DIR_PATH}/Podfile.lock",
                                "${PODS_ROOT}/Manifest.lock",
                        );
                        name = "[CP] Check Pods Manifest.lock";
                        outputPaths = (
                                "$(DERIVED_FILE_DIR)/Pods-App-checkManifestLockResult.txt",
                        );
                        runOnlyForDeploymentPostprocessing = 0;
                        shellPath = /bin/sh;
                        shellScript = "diff \"${PODS_PODFILE_DIR_PATH}/Podfile.lock\" \"${PODS_ROOT}/Manifest.lock\" > /dev/null\nif [ $? != 0 ] ; then\n    # print error to STDERR\n    echo \"error: The sandbox is not in sync with the Podfile.lock. Run 'pod install' or update your CocoaPods installation.\" >&2\n    exit 1\nfi\n# This output is used by Xcode 'outputs' to avoid re-running this script phase.\necho \"SUCCESS\" > \"${SCRIPT_OUTPUT_FILE_0}\"\n";
                        showEnvVarsInLog = 0;
                };
                9592DBEFFC6D2A0C8D5DEB22 /* [CP] Embed Pods Frameworks */ = {
                        isa = PBXShellScriptBuildPhase;
                        buildActionMask = 2147483647;
                        files = (
                        );
                        inputPaths = (
                        );
                        name = "[CP] Embed Pods Frameworks";
                        outputPaths = (
                        );
                        runOnlyForDeploymentPostprocessing = 0;
                        shellPath = /bin/sh;
                        shellScript = "\"${PODS_ROOT}/Target Support Files/Pods-App/Pods-App-frameworks.sh\"\n";
                        showEnvVarsInLog = 0;
                };
/* End PBXShellScriptBuildPhase section */

/* Begin PBXSourcesBuildPhase section */
                504EC3001FED79650016851F /* Sources */ = {
                        isa = PBXSourcesBuildPhase;
                        buildActionMask = 2147483647;
                        files = (
                                F8DA16282EE06AB5009EBE0B /* OndaWatchPlugin.swift in Sources */,
                                F8DA16292EE06AB5009EBE0B /* OndaWatchPlugin.m in Sources */,
                                ONDATENJN001ABCDEF012345 /* OndaTenjinPlugin.swift in Sources */,
                                ONDATENJN002ABCDEF012345 /* OndaTenjinPlugin.m in Sources */,
                                504EC3081FED79650016851F /* AppDelegate.swift in Sources */,
                                HEALTHKIT001ABCDEF0123456 /* HealthKitHeartRatePlugin.swift in Sources */,
                                CUSTOMBR001ABCDEF0123456 /* CustomBridgeViewController.swift in Sources */,
                        );
                        runOnlyForDeploymentPostprocessing = 0;
                };
                F84CE7152EE24BE900A41804 /* Sources */ = {
                        isa = PBXSourcesBuildPhase;
                        buildActionMask = 2147483647;
                        files = (
                        );
                        runOnlyForDeploymentPostprocessing = 0;
                };
/* End PBXSourcesBuildPhase section */

/* Begin PBXTargetDependency section */
                F84CE7222EE24BEA00A41804 /* PBXTargetDependency */ = {
                        isa = PBXTargetDependency;
                        target = F84CE7182EE24BE900A41804 /* watchkitapp Watch App */;
                        targetProxy = F84CE7212EE24BEA00A41804 /* PBXContainerItemProxy */;
                };
/* End PBXTargetDependency section */

/* Begin PBXVariantGroup section */
                504EC30B1FED79650016851F /* Main.storyboard */ = {
                        isa = PBXVariantGroup;
                        children = (
                                504EC30C1FED79650016851F /* Base */,
                        );
                        name = Main.storyboard;
                        sourceTree = "<group>";
                };
                504EC3101FED79650016851F /* LaunchScreen.storyboard */ = {
                        isa = PBXVariantGroup;
                        children = (
                                504EC3111FED79650016851F /* Base */,
                        );
                        name = LaunchScreen.storyboard;
                        sourceTree = "<group>";
                };
/* End PBXVariantGroup section */

/* Begin XCBuildConfiguration section */
                504EC3141FED79650016851F /* Debug */ = {
                        isa = XCBuildConfiguration;
                        buildSettings = {
                                ALWAYS_SEARCH_USER_PATHS = NO;
                                CLANG_ANALYZER_NONNULL = YES;
                                CLANG_ANALYZER_NUMBER_OBJECT_CONVERSION = YES_AGGRESSIVE;
                                CLANG_CXX_LANGUAGE_STANDARD = "gnu++14";
                                CLANG_CXX_LIBRARY = "libc++";
                                CLANG_ENABLE_MODULES = YES;
                                CLANG_ENABLE_OBJC_ARC = YES;
                                CLANG_WARN_BLOCK_CAPTURE_AUTORELEASING = YES;
                                CLANG_WARN_BOOL_CONVERSION = YES;
                                CLANG_WARN_COMMA = YES;
                                CLANG_WARN_CONSTANT_CONVERSION = YES;
                                CLANG_WARN_DIRECT_OBJC_ISA_USAGE = YES_ERROR;
                                CLANG_WARN_DOCUMENTATION_COMMENTS = YES;
                                CLANG_WARN_EMPTY_BODY = YES;
                                CLANG_WARN_ENUM_CONVERSION = YES;
                                CLANG_WARN_INFINITE_RECURSION = YES;
                                CLANG_WARN_INT_CONVERSION = YES;
                                CLANG_WARN_NON_LITERAL_NULL_CONVERSION = YES;
                                CLANG_WARN_OBJC_LITERAL_CONVERSION = YES;
                                CLANG_WARN_OBJC_ROOT_CLASS = YES_ERROR;
                                CLANG_WARN_RANGE_LOOP_ANALYSIS = YES;
                                CLANG_WARN_STRICT_PROTOTYPES = YES;
                                CLANG_WARN_SUSPICIOUS_MOVE = YES;
                                CLANG_WARN_UNGUARDED_AVAILABILITY = YES_AGGRESSIVE;
                                CLANG_WARN_UNREACHABLE_CODE = YES;
                                CLANG_WARN__DUPLICATE_METHOD_MATCH = YES;
                                CODE_SIGN_IDENTITY = "iPhone Developer";
                                COPY_PHASE_STRIP = NO;
                                DEBUG_INFORMATION_FORMAT = dwarf;
                                ENABLE_STRICT_OBJC_MSGSEND = YES;
                                ENABLE_TESTABILITY = YES;
                                GCC_C_LANGUAGE_STANDARD = gnu11;
                                GCC_DYNAMIC_NO_PIC = NO;
                                GCC_NO_COMMON_BLOCKS = YES;
                                GCC_OPTIMIZATION_LEVEL = 0;
                                GCC_PREPROCESSOR_DEFINITIONS = (
                                        "DEBUG=1",
                                        "$(inherited)",
                                );
                                GCC_WARN_64_TO_32_BIT_CONVERSION = YES;
                                GCC_WARN_ABOUT_RETURN_TYPE = YES_ERROR;
                                GCC_WARN_UNDECLARED_SELECTOR = YES;
                                GCC_WARN_UNINITIALIZED_AUTOS = YES_AGGRESSIVE;
                                GCC_WARN_UNUSED_FUNCTION = YES;
                                GCC_WARN_UNUSED_VARIABLE = YES;
                                IPHONEOS_DEPLOYMENT_TARGET = 15.0;
                                MTL_ENABLE_DEBUG_INFO = YES;
                                ONLY_ACTIVE_ARCH = YES;
                                SDKROOT = iphoneos;
                                SWIFT_ACTIVE_COMPILATION_CONDITIONS = DEBUG;
                                SWIFT_OPTIMIZATION_LEVEL = "-Onone";
                        };
                        name = Debug;
                };
                504EC3151FED79650016851F /* Release */ = {
                        isa = XCBuildConfiguration;
                        buildSettings = {
                                ALWAYS_SEARCH_USER_PATHS = NO;
                                CLANG_ANALYZER_NONNULL = YES;
                                CLANG_ANALYZER_NUMBER_OBJECT_CONVERSION = YES_AGGRESSIVE;
                                CLANG_CXX_LANGUAGE_STANDARD = "gnu++14";
                                CLANG_CXX_LIBRARY = "libc++";
                                CLANG_ENABLE_MODULES = YES;
                                CLANG_ENABLE_OBJC_ARC = YES;
                                CLANG_WARN_BLOCK_CAPTURE_AUTORELEASING = YES;
                                CLANG_WARN_BOOL_CONVERSION = YES;
                                CLANG_WARN_COMMA = YES;
                                CLANG_WARN_CONSTANT_CONVERSION = YES;
                                CLANG_WARN_DIRECT_OBJC_ISA_USAGE = YES_ERROR;
                                CLANG_WARN_DOCUMENTATION_COMMENTS = YES;
                                CLANG_WARN_EMPTY_BODY = YES;
                                CLANG_WARN_ENUM_CONVERSION = YES;
                                CLANG_WARN_INFINITE_RECURSION = YES;
                                CLANG_WARN_INT_CONVERSION = YES;
                                CLANG_WARN_NON_LITERAL_NULL_CONVERSION = YES;
                                CLANG_WARN_OBJC_LITERAL_CONVERSION = YES;
                                CLANG_WARN_OBJC_ROOT_CLASS = YES_ERROR;
                                CLANG_WARN_RANGE_LOOP_ANALYSIS = YES;
                                CLANG_WARN_STRICT_PROTOTYPES = YES;
                                CLANG_WARN_SUSPICIOUS_MOVE = YES;
                                CLANG_WARN_UNGUARDED_AVAILABILITY = YES_AGGRESSIVE;
                                CLANG_WARN_UNREACHABLE_CODE = YES;
                                CLANG_WARN__DUPLICATE_METHOD_MATCH = YES;
                                CODE_SIGN_IDENTITY = "iPhone Developer";
                                COPY_PHASE_STRIP = NO;
                                DEBUG_INFORMATION_FORMAT = "dwarf-with-dsym";
                                ENABLE_NS_ASSERTIONS = NO;
                                ENABLE_STRICT_OBJC_MSGSEND = YES;
                                GCC_C_LANGUAGE_STANDARD = gnu11;
                                GCC_NO_COMMON_BLOCKS = YES;
                                GCC_WARN_64_TO_32_BIT_CONVERSION = YES;
                                GCC_WARN_ABOUT_RETURN_TYPE = YES_ERROR;
                                GCC_WARN_UNDECLARED_SELECTOR = YES;
                                GCC_WARN_UNINITIALIZED_AUTOS = YES_AGGRESSIVE;
                                GCC_WARN_UNUSED_FUNCTION = YES;
                                GCC_WARN_UNUSED_VARIABLE = YES;
                                IPHONEOS_DEPLOYMENT_TARGET = 15.0;
                                MTL_ENABLE_DEBUG_INFO = NO;
                                SDKROOT = iphoneos;
                                SWIFT_COMPILATION_MODE = wholemodule;
                                SWIFT_OPTIMIZATION_LEVEL = "-O";
                                VALIDATE_PRODUCT = YES;
                        };
                        name = Release;
                };
                504EC3171FED79650016851F /* Debug */ = {
                        isa = XCBuildConfiguration;
                        baseConfigurationReference = FC68EB0AF532CFC21C3344DD /* Pods-App.debug.xcconfig */;
                        buildSettings = {
                                ASSETCATALOG_COMPILER_APPICON_NAME = AppIcon;
                                CLANG_ENABLE_MODULES = YES;
                                CODE_SIGN_ENTITLEMENTS = App/App.entitlements;
                                CODE_SIGN_STYLE = Automatic;
                                CURRENT_PROJECT_VERSION = 1;
                                DEVELOPMENT_TEAM = KLGX24FR78;
                                INFOPLIST_FILE = App/Info.plist;
                                IPHONEOS_DEPLOYMENT_TARGET = 15.0;
                                LD_RUNPATH_SEARCH_PATHS = (
                                        "$(inherited)",
                                        "@executable_path/Frameworks",
                                );
                                MARKETING_VERSION = 1.7.4;
                                OTHER_SWIFT_FLAGS = "$(inherited) \"-D\" \"COCOAPODS\" \"-DDEBUG\"";
                                PRODUCT_BUNDLE_IDENTIFIER = "com.onda-life.ios";
                                PRODUCT_NAME = "$(TARGET_NAME)";
                                SWIFT_ACTIVE_COMPILATION_CONDITIONS = DEBUG;
                                SWIFT_OBJC_BRIDGING_HEADER = "App/App-Bridging-Header.h";
                                SWIFT_OPTIMIZATION_LEVEL = "-Onone";
                                SWIFT_VERSION = 5.0;
                                TARGETED_DEVICE_FAMILY = "1,2";
                        };
                        name = Debug;
                };
                504EC3181FED79650016851F /* Release */ = {
                        isa = XCBuildConfiguration;
                        baseConfigurationReference = AF51FD2D460BCFE21FA515B2 /* Pods-App.release.xcconfig */;
                        buildSettings = {
                                ASSETCATALOG_COMPILER_APPICON_NAME = AppIcon;
                                CLANG_ENABLE_MODULES = YES;
                                CODE_SIGN_ENTITLEMENTS = App/App.entitlements;
                                CODE_SIGN_STYLE = Automatic;
                                CURRENT_PROJECT_VERSION = 1;
                                DEVELOPMENT_TEAM = KLGX24FR78;
                                INFOPLIST_FILE = App/Info.plist;
                                IPHONEOS_DEPLOYMENT_TARGET = 15.0;
                                LD_RUNPATH_SEARCH_PATHS = (
                                        "$(inherited)",
                                        "@executable_path/Frameworks",
                                );
                                MARKETING_VERSION = 1.7.4;
                                PRODUCT_BUNDLE_IDENTIFIER = "com.onda-life.ios";
                                PRODUCT_NAME = "$(TARGET_NAME)";
                                SWIFT_ACTIVE_COMPILATION_CONDITIONS = "";
                                SWIFT_OBJC_BRIDGING_HEADER = "App/App-Bridging-Header.h";
                                SWIFT_VERSION = 5.0;
                                TARGETED_DEVICE_FAMILY = "1,2";
                        };
                        name = Release;
                };
                F84CE7252EE24BEA00A41804 /* Debug */ = {
                        isa = XCBuildConfiguration;
                        buildSettings = {
                                ASSETCATALOG_COMPILER_APPICON_NAME = AppIcon;
                                ASSETCATALOG_COMPILER_GENERATE_SWIFT_ASSET_SYMBOL_EXTENSIONS = YES;
                                ASSETCATALOG_COMPILER_GLOBAL_ACCENT_COLOR_NAME = AccentColor;
                                CLANG_CXX_LANGUAGE_STANDARD = "gnu++20";
                                CLANG_ENABLE_OBJC_WEAK = YES;
                                CLANG_WARN_DEPRECATED_OBJC_IMPLEMENTATIONS = YES;
                                CLANG_WARN_OBJC_IMPLICIT_RETAIN_SELF = YES;
                                CLANG_WARN_QUOTED_INCLUDE_IN_FRAMEWORK_HEADER = YES;
                                CODE_SIGN_ENTITLEMENTS = "watchkitapp Watch App/watchkitapp Watch App.entitlements";
                                CODE_SIGN_STYLE = Automatic;
                                CURRENT_PROJECT_VERSION = 1;
                                DEVELOPMENT_TEAM = KLGX24FR78;
                                ENABLE_PREVIEWS = YES;
                                ENABLE_USER_SCRIPT_SANDBOXING = YES;
                                GCC_C_LANGUAGE_STANDARD = gnu17;
                                GENERATE_INFOPLIST_FILE = NO;
                                INFOPLIST_FILE = "watchkitapp Watch App/Info.plist";
                                LD_RUNPATH_SEARCH_PATHS = (
                                        "$(inherited)",
                                        "@executable_path/Frameworks",
                                );
                                LOCALIZATION_PREFERS_STRING_CATALOGS = YES;
                                MARKETING_VERSION = 1.7.4;
                                MTL_ENABLE_DEBUG_INFO = INCLUDE_SOURCE;
                                MTL_FAST_MATH = YES;
                                PRODUCT_BUNDLE_IDENTIFIER = "com.onda-life.ios.watchkitapp";
                                PRODUCT_NAME = "$(TARGET_NAME)";
                                SDKROOT = watchos;
                                SKIP_INSTALL = YES;
                                STRING_CATALOG_GENERATE_SYMBOLS = YES;
                                SWIFT_ACTIVE_COMPILATION_CONDITIONS = "DEBUG $(inherited)";
                                SWIFT_APPROACHABLE_CONCURRENCY = YES;
                                SWIFT_DEFAULT_ACTOR_ISOLATION = MainActor;
                                SWIFT_EMIT_LOC_STRINGS = YES;
                                SWIFT_UPCOMING_FEATURE_MEMBER_IMPORT_VISIBILITY = YES;
                                SWIFT_VERSION = 5.0;
                                TARGETED_DEVICE_FAMILY = 4;
ARCHS = "arm64_32 arm64";
                                WATCHOS_DEPLOYMENT_TARGET = 11.0;
IPHONEOS_DEPLOYMENT_TARGET = "";
                        };
                        name = Debug;
                };
                F84CE7262EE24BEA00A41804 /* Release */ = {
                        isa = XCBuildConfiguration;
                        buildSettings = {
                                ASSETCATALOG_COMPILER_APPICON_NAME = AppIcon;
                                ASSETCATALOG_COMPILER_GENERATE_SWIFT_ASSET_SYMBOL_EXTENSIONS = YES;
                                ASSETCATALOG_COMPILER_GLOBAL_ACCENT_COLOR_NAME = AccentColor;
                                CLANG_CXX_LANGUAGE_STANDARD = "gnu++20";
                                CLANG_ENABLE_OBJC_WEAK = YES;
                                CLANG_WARN_DEPRECATED_OBJC_IMPLEMENTATIONS = YES;
                                CLANG_WARN_OBJC_IMPLICIT_RETAIN_SELF = YES;
                                CLANG_WARN_QUOTED_INCLUDE_IN_FRAMEWORK_HEADER = YES;
                                CODE_SIGN_ENTITLEMENTS = "watchkitapp Watch App/watchkitapp Watch App.entitlements";
                                CODE_SIGN_STYLE = Automatic;
                                CURRENT_PROJECT_VERSION = 1;
                                DEVELOPMENT_TEAM = KLGX24FR78;
                                ENABLE_PREVIEWS = YES;
                                ENABLE_USER_SCRIPT_SANDBOXING = YES;
                                GCC_C_LANGUAGE_STANDARD = gnu17;
                                GENERATE_INFOPLIST_FILE = NO;
                                INFOPLIST_FILE = "watchkitapp Watch App/Info.plist";
                                LD_RUNPATH_SEARCH_PATHS = (
                                        "$(inherited)",
                                        "@executable_path/Frameworks",
                                );
                                LOCALIZATION_PREFERS_STRING_CATALOGS = YES;
                                MARKETING_VERSION = 1.7.4;
                                MTL_FAST_MATH = YES;
                                PRODUCT_BUNDLE_IDENTIFIER = "com.onda-life.ios.watchkitapp";
                                PRODUCT_NAME = "$(TARGET_NAME)";
                                SDKROOT = watchos;
                                SKIP_INSTALL = YES;
                                STRING_CATALOG_GENERATE_SYMBOLS = YES;
                                SWIFT_APPROACHABLE_CONCURRENCY = YES;
                                SWIFT_DEFAULT_ACTOR_ISOLATION = MainActor;
                                SWIFT_EMIT_LOC_STRINGS = YES;
                                SWIFT_UPCOMING_FEATURE_MEMBER_IMPORT_VISIBILITY = YES;
                                SWIFT_VERSION = 5.0;
                                TARGETED_DEVICE_FAMILY = 4;
ARCHS = "arm64_32 arm64";
                                WATCHOS_DEPLOYMENT_TARGET = 11.0;
IPHONEOS_DEPLOYMENT_TARGET = "";
                        };
                        name = Release;
                };
/* End XCBuildConfiguration section */

/* Begin XCConfigurationList section */
                504EC2FF1FED79650016851F /* Build configuration list for PBXProject "App" */ = {
                        isa = XCConfigurationList;
                        buildConfigurations = (
                                504EC3141FED79650016851F /* Debug */,
                                504EC3151FED79650016851F /* Release */,
                        );
                        defaultConfigurationIsVisible = 0;
                        defaultConfigurationName = Release;
                };
                504EC3161FED79650016851F /* Build configuration list for PBXNativeTarget "App" */ = {
                        isa = XCConfigurationList;
                        buildConfigurations = (
                                504EC3171FED79650016851F /* Debug */,
                                504EC3181FED79650016851F /* Release */,
                        );
                        defaultConfigurationIsVisible = 0;
                        defaultConfigurationName = Release;
                };
                F84CE7242EE24BEA00A41804 /* Build configuration list for PBXNativeTarget "watchkitapp Watch App" */ = {
                        isa = XCConfigurationList;
                        buildConfigurations = (
                                F84CE7252EE24BEA00A41804 /* Debug */,
                                F84CE7262EE24BEA00A41804 /* Release */,
                        );
                        defaultConfigurationIsVisible = 0;
                        defaultConfigurationName = Release;
                };
/* End XCConfigurationList section */
        };
        rootObject = 504EC2FC1FED79650016851F /* Project object */;
}
